
Microsoft Visual Studio Solution File, Format Version 12.00
# Visual Studio Version 17
VisualStudioVersion = 17.0.32014.148
MinimumVisualStudioVersion = 10.0.40219.1
Project("{2150E333-8FDC-42A3-9474-1A3956D46DE8}") = "src", "src", "{D452B7BA-65D5-438C-8FE4-4F6D39C870BA}"
EndProject
Project("{9A19103F-16F7-4668-BE54-9A1E7A4F7556}") = "Surveillance.Function.ImageProcessing", "src\Surveillance.Function.ImageProcessing\Surveillance.Function.ImageProcessing.csproj", "{2FE555D2-0510-4695-84E9-7E9DEDE6F83E}"
EndProject
Project("{2150E333-8FDC-42A3-9474-1A3956D46DE8}") = "pipeline", "pipeline", "{189FC334-1D62-4A25-985D-C98E75E1EFC4}"
	ProjectSection(SolutionItems) = preProject
		pipeline\azure-pipelines.yml = pipeline\azure-pipelines.yml
		pipeline\release-template.yml = pipeline\release-template.yml
	EndProjectSection
EndProject
Project("{2150E333-8FDC-42A3-9474-1A3956D46DE8}") = "terraform", "terraform", "{0C439F85-B565-4688-B1E3-F3D6FD68C5BC}"
	ProjectSection(SolutionItems) = preProject
		terraform\main.tf = terraform\main.tf
	EndProjectSection
EndProject
Project("{2150E333-8FDC-42A3-9474-1A3956D46DE8}") = "SolutionItems", "SolutionItems", "{3EC9BDC7-4E63-4028-9EA1-72B4B31785F5}"
EndProject
Project("{9A19103F-16F7-4668-BE54-9A1E7A4F7556}") = "Surveillance.Shared", "src\Surveillance.Shared\Surveillance.Shared.csproj", "{44247B15-A7DE-44EC-8F93-AD36D5688AB9}"
EndProject
Project("{9A19103F-16F7-4668-BE54-9A1E7A4F7556}") = "Surveillance.Function.Persistence", "src\Surveillance.Function.Persistence\Surveillance.Function.Persistence.csproj", "{18605BB8-FA7A-4316-A1B7-E4DA9A310DFD}"
EndProject
Project("{9A19103F-16F7-4668-BE54-9A1E7A4F7556}") = "Surveillance.Function.Notification", "src\Surveillance.Function.Notification\Surveillance.Function.Notification.csproj", "{5E2FEDA1-15AB-4557-9160-70578642161F}"
EndProject
Project("{FAE04EC0-301F-11D3-BF4B-00C04F79EFBC}") = "Surveillance.ConsoleClient", "src\Surveillance.ConsoleClient\Surveillance.ConsoleClient.csproj", "{056DFEF8-B43E-4D5A-8577-ACCD9746420A}"
EndProject
Global
	GlobalSection(SolutionConfigurationPlatforms) = preSolution
		Debug|Any CPU = Debug|Any CPU
		Release|Any CPU = Release|Any CPU
	EndGlobalSection
	GlobalSection(ProjectConfigurationPlatforms) = postSolution
		{2FE555D2-0510-4695-84E9-7E9DEDE6F83E}.Debug|Any CPU.ActiveCfg = Debug|Any CPU
		{2FE555D2-0510-4695-84E9-7E9DEDE6F83E}.Debug|Any CPU.Build.0 = Debug|Any CPU
		{2FE555D2-0510-4695-84E9-7E9DEDE6F83E}.Release|Any CPU.ActiveCfg = Release|Any CPU
		{2FE555D2-0510-4695-84E9-7E9DEDE6F83E}.Release|Any CPU.Build.0 = Release|Any CPU
		{44247B15-A7DE-44EC-8F93-AD36D5688AB9}.Debug|Any CPU.ActiveCfg = Debug|Any CPU
		{44247B15-A7DE-44EC-8F93-AD36D5688AB9}.Debug|Any CPU.Build.0 = Debug|Any CPU
		{44247B15-A7DE-44EC-8F93-AD36D5688AB9}.Release|Any CPU.ActiveCfg = Release|Any CPU
		{44247B15-A7DE-44EC-8F93-AD36D5688AB9}.Release|Any CPU.Build.0 = Release|Any CPU
		{18605BB8-FA7A-4316-A1B7-E4DA9A310DFD}.Debug|Any CPU.ActiveCfg = Debug|Any CPU
		{18605BB8-FA7A-4316-A1B7-E4DA9A310DFD}.Debug|Any CPU.Build.0 = Debug|Any CPU
		{18605BB8-FA7A-4316-A1B7-E4DA9A310DFD}.Release|Any CPU.ActiveCfg = Release|Any CPU
		{18605BB8-FA7A-4316-A1B7-E4DA9A310DFD}.Release|Any CPU.Build.0 = Release|Any CPU
		{5E2FEDA1-15AB-4557-9160-70578642161F}.Debug|Any CPU.ActiveCfg = Debug|Any CPU
		{5E2FEDA1-15AB-4557-9160-70578642161F}.Debug|Any CPU.Build.0 = Debug|Any CPU
		{5E2FEDA1-15AB-4557-9160-70578642161F}.Release|Any CPU.ActiveCfg = Release|Any CPU
		{5E2FEDA1-15AB-4557-9160-70578642161F}.Release|Any CPU.Build.0 = Release|Any CPU
		{056DFEF8-B43E-4D5A-8577-ACCD9746420A}.Debug|Any CPU.ActiveCfg = Debug|Any CPU
		{056DFEF8-B43E-4D5A-8577-ACCD9746420A}.Debug|Any CPU.Build.0 = Debug|Any CPU
		{056DFEF8-B43E-4D5A-8577-ACCD9746420A}.Release|Any CPU.ActiveCfg = Release|Any CPU
		{056DFEF8-B43E-4D5A-8577-ACCD9746420A}.Release|Any CPU.Build.0 = Release|Any CPU
	EndGlobalSection
	GlobalSection(SolutionProperties) = preSolution
		HideSolutionNode = FALSE
	EndGlobalSection
	GlobalSection(NestedProjects) = preSolution
		{2FE555D2-0510-4695-84E9-7E9DEDE6F83E} = {D452B7BA-65D5-438C-8FE4-4F6D39C870BA}
		{189FC334-1D62-4A25-985D-C98E75E1EFC4} = {3EC9BDC7-4E63-4028-9EA1-72B4B31785F5}
		{0C439F85-B565-4688-B1E3-F3D6FD68C5BC} = {3EC9BDC7-4E63-4028-9EA1-72B4B31785F5}
		{44247B15-A7DE-44EC-8F93-AD36D5688AB9} = {D452B7BA-65D5-438C-8FE4-4F6D39C870BA}
		{18605BB8-FA7A-4316-A1B7-E4DA9A310DFD} = {D452B7BA-65D5-438C-8FE4-4F6D39C870BA}
		{5E2FEDA1-15AB-4557-9160-70578642161F} = {D452B7BA-65D5-438C-8FE4-4F6D39C870BA}
		{056DFEF8-B43E-4D5A-8577-ACCD9746420A} = {D452B7BA-65D5-438C-8FE4-4F6D39C870BA}
	EndGlobalSection
	GlobalSection(ExtensibilityGlobals) = postSolution
		SolutionGuid = {775D2EA6-D92C-4E17-A794-126FE4BC38D3}
	EndGlobalSection
EndGlobal
